<?xml version="1.0" encoding="utf-8"?>
<Project ToolsVersion="4.0" xmlns="http://schemas.microsoft.com/developer/msbuild/2003">
  <ItemGroup>
    <Filter Include="Gameplay">
      <UniqueIdentifier>{D5936B32-C160-C63D-EA79-B4E5D6A5FBCB}</UniqueIdentifier>
    </Filter>
    <Filter Include="Graphics">
      <UniqueIdentifier>{1653CE33-0220-293F-2B39-17E717655ECD}</UniqueIdentifier>
    </Filter>
    <Filter Include="entt">
      <UniqueIdentifier>{2055967C-0C8C-970D-B578-7D10A18E130F}</UniqueIdentifier>
    </Filter>
  </ItemGroup>
  <ItemGroup>
    <ClInclude Include="src\AudioEngine.h" />
    <ClInclude Include="src\Bullet.h" />
    <ClInclude Include="src\Enemy.h" />
    <ClInclude Include="src\Gameplay\Camera.h">
      <Filter>Gameplay</Filter>
    </ClInclude>
    <ClInclude Include="src\Gameplay\Transform.h">
      <Filter>Gameplay</Filter>
    </ClInclude>
    <ClInclude Include="src\Graphics\IBuffer.h">
      <Filter>Graphics</Filter>
    </ClInclude>
    <ClInclude Include="src\Graphics\ITexture.h">
      <Filter>Graphics</Filter>
    </ClInclude>
    <ClInclude Include="src\Graphics\IndexBuffer.h">
      <Filter>Graphics</Filter>
    </ClInclude>
    <ClInclude Include="src\Graphics\MeshBuilder.h">
      <Filter>Graphics</Filter>
    </ClInclude>
    <ClInclude Include="src\Graphics\ObjLoader.h">
      <Filter>Graphics</Filter>
    </ClInclude>
    <ClInclude Include="src\Graphics\Shader.h">
      <Filter>Graphics</Filter>
    </ClInclude>
    <ClInclude Include="src\Graphics\StringUtils.h">
      <Filter>Graphics</Filter>
    </ClInclude>
    <ClInclude Include="src\Graphics\Texture2D.h">
      <Filter>Graphics</Filter>
    </ClInclude>
    <ClInclude Include="src\Graphics\Texture2DData.h">
      <Filter>Graphics</Filter>
    </ClInclude>
    <ClInclude Include="src\Graphics\TextureEnums.h">
      <Filter>Graphics</Filter>
    </ClInclude>
    <ClInclude Include="src\Graphics\VertexArrayObject.h">
      <Filter>Graphics</Filter>
    </ClInclude>
    <ClInclude Include="src\Graphics\VertexBuffer.h">
      <Filter>Graphics</Filter>
    </ClInclude>
    <ClInclude Include="src\Graphics\VertexTypes.h">
      <Filter>Graphics</Filter>
    </ClInclude>
    <ClInclude Include="src\HitCheck.h" />
    <ClInclude Include="src\Player.h" />
    <ClInclude Include="src\UI.h" />
    <ClInclude Include="src\entt\entt.hpp">
      <Filter>entt</Filter>
    </ClInclude>
    <ClInclude Include="src\stuff.h" />
    <ClInclude Include="src\ObjClass.h" />
  </ItemGroup>
  <ItemGroup>
    <ClCompile Include="src\AudioEngine.cpp" />
    <ClCompile Include="src\Bullet.cpp" />
    <ClCompile Include="src\Enemy.cpp" />
    <ClCompile Include="src\Gameplay\Camera.cpp">
      <Filter>Gameplay</Filter>
    </ClCompile>
    <ClCompile Include="src\Gameplay\Transform.cpp">
      <Filter>Gameplay</Filter>
    </ClCompile>
    <ClCompile Include="src\Graphics\IBuffer.cpp">
      <Filter>Graphics</Filter>
    </ClCompile>
    <ClCompile Include="src\Graphics\ITexture.cpp">
      <Filter>Graphics</Filter>
    </ClCompile>
    <ClCompile Include="src\Graphics\ObjLoader.cpp">
      <Filter>Graphics</Filter>
    </ClCompile>
    <ClCompile Include="src\Graphics\Shader.cpp">
      <Filter>Graphics</Filter>
    </ClCompile>
    <ClCompile Include="src\Graphics\Texture2D.cpp">
      <Filter>Graphics</Filter>
    </ClCompile>
    <ClCompile Include="src\Graphics\Texture2DData.cpp">
      <Filter>Graphics</Filter>
    </ClCompile>
    <ClCompile Include="src\Graphics\VertexArrayObject.cpp">
      <Filter>Graphics</Filter>
    </ClCompile>
    <ClCompile Include="src\Graphics\VertexTypes.cpp">
      <Filter>Graphics</Filter>
    </ClCompile>
    <ClCompile Include="src\Player.cpp" />
    <ClCompile Include="src\UI.cpp" />
    <ClCompile Include="src\main.cpp" />
    <ClCompile Include="src\stuff.cpp" />
    <ClCompile Include="src\ObjClass.cpp" />
  </ItemGroup>
</Project>